
Microsoft Visual Studio Solution File, Format Version 12.00
# Visual Studio Version 17
VisualStudioVersion = 17.3.32929.385
MinimumVisualStudioVersion = 10.0.40219.1
Project("{FAE04EC0-301F-11D3-BF4B-00C04F79EFBC}") = "VodafoneLdapTestApp", "VodafoneLdapTestApp\VodafoneLdapTestApp.csproj", "{0D1494B2-693F-4049-AC87-E2259C17A584}"
EndProject
Global
	GlobalSection(SolutionConfigurationPlatforms) = preSolution
		Debug|Any CPU = Debug|Any CPU
		Release|Any CPU = Release|Any CPU
	EndGlobalSection
	GlobalSection(ProjectConfigurationPlatforms) = postSolution
		{0D1494B2-693F-4049-AC87-E2259C17A584}.Debug|Any CPU.ActiveCfg = Debug|Any CPU
		{0D1494B2-693F-4049-AC87-E2259C17A584}.Debug|Any CPU.Build.0 = Debug|Any CPU
		{0D1494B2-693F-4049-AC87-E2259C17A584}.Release|Any CPU.ActiveCfg = Release|Any CPU
		{0D1494B2-693F-4049-AC87-E2259C17A584}.Release|Any CPU.Build.0 = Release|Any CPU
	EndGlobalSection
	GlobalSection(SolutionProperties) = preSolution
		HideSolutionNode = FALSE
	EndGlobalSection
	GlobalSection(ExtensibilityGlobals) = postSolution
		SolutionGuid = {77956199-1D0F-45FE-B309-1DD3CDE5D8DB}
	EndGlobalSection
EndGlobal
